
Microsoft Visual Studio Solution File, Format Version 12.00
# Visual Studio Version 16
VisualStudioVersion = 16.0.31019.35
MinimumVisualStudioVersion = 10.0.40219.1
Project("{FAE04EC0-301F-11D3-BF4B-00C04F79EFBC}") = "ToDoApplication", "ToDoApplication\ToDoApplication.csproj", "{873F3D92-D173-4D97-995D-8BEFB9BE3E07}"
EndProject
Project("{FAE04EC0-301F-11D3-BF4B-00C04F79EFBC}") = "ToDoLibrary", "ToDoLibrary\ToDoLibrary.csproj", "{B60038E8-28F9-4718-8758-E75DC6E88E50}"
EndProject
Global
	GlobalSection(SolutionConfigurationPlatforms) = preSolution
		Debug|Any CPU = Debug|Any CPU
		Release|Any CPU = Release|Any CPU
	EndGlobalSection
	GlobalSection(ProjectConfigurationPlatforms) = postSolution
		{873F3D92-D173-4D97-995D-8BEFB9BE3E07}.Debug|Any CPU.ActiveCfg = Debug|Any CPU
		{873F3D92-D173-4D97-995D-8BEFB9BE3E07}.Debug|Any CPU.Build.0 = Debug|Any CPU
		{873F3D92-D173-4D97-995D-8BEFB9BE3E07}.Release|Any CPU.ActiveCfg = Release|Any CPU
		{873F3D92-D173-4D97-995D-8BEFB9BE3E07}.Release|Any CPU.Build.0 = Release|Any CPU
		{B60038E8-28F9-4718-8758-E75DC6E88E50}.Debug|Any CPU.ActiveCfg = Debug|Any CPU
		{B60038E8-28F9-4718-8758-E75DC6E88E50}.Debug|Any CPU.Build.0 = Debug|Any CPU
		{B60038E8-28F9-4718-8758-E75DC6E88E50}.Release|Any CPU.ActiveCfg = Release|Any CPU
		{B60038E8-28F9-4718-8758-E75DC6E88E50}.Release|Any CPU.Build.0 = Release|Any CPU
	EndGlobalSection
	GlobalSection(SolutionProperties) = preSolution
		HideSolutionNode = FALSE
	EndGlobalSection
	GlobalSection(ExtensibilityGlobals) = postSolution
		SolutionGuid = {7DCD5E6A-8A7D-46EF-B125-395AC76FFBB0}
	EndGlobalSection
EndGlobal
